
Microsoft Visual Studio Solution File, Format Version 12.00
# Visual Studio Version 17
VisualStudioVersion = 17.8.34316.72
MinimumVisualStudioVersion = 10.0.40219.1
Project("{FAE04EC0-301F-11D3-BF4B-00C04F79EFBC}") = "organizator", "organizator\organizator.csproj", "{2CD72A7B-6B03-432C-9655-3F3D97FC0230}"
EndProject
Global
	GlobalSection(SolutionConfigurationPlatforms) = preSolution
		Debug|Any CPU = Debug|Any CPU
		Release|Any CPU = Release|Any CPU
	EndGlobalSection
	GlobalSection(ProjectConfigurationPlatforms) = postSolution
		{2CD72A7B-6B03-432C-9655-3F3D97FC0230}.Debug|Any CPU.ActiveCfg = Debug|Any CPU
		{2CD72A7B-6B03-432C-9655-3F3D97FC0230}.Debug|Any CPU.Build.0 = Debug|Any CPU
		{2CD72A7B-6B03-432C-9655-3F3D97FC0230}.Release|Any CPU.ActiveCfg = Release|Any CPU
		{2CD72A7B-6B03-432C-9655-3F3D97FC0230}.Release|Any CPU.Build.0 = Release|Any CPU
	EndGlobalSection
	GlobalSection(SolutionProperties) = preSolution
		HideSolutionNode = FALSE
	EndGlobalSection
	GlobalSection(ExtensibilityGlobals) = postSolution
		SolutionGuid = {0691AB6E-B0D5-4868-B5D9-69E55CA92B55}
	EndGlobalSection
EndGlobal
